
Microsoft Visual Studio Solution File, Format Version 12.00
# Visual Studio Version 16
VisualStudioVersion = 16.0.31105.61
MinimumVisualStudioVersion = 10.0.40219.1
Project("{9A19103F-16F7-4668-BE54-9A1E7A4F7556}") = "Store", "Store\Store.csproj", "{8D98F57D-0035-49D7-9CEC-74F76D9D71B8}"
EndProject
Project("{FAE04EC0-301F-11D3-BF4B-00C04F79EFBC}") = "Entities", "Entities\Entities.csproj", "{D283359C-4567-4187-A982-C7D054E40C8B}"
EndProject
Project("{FAE04EC0-301F-11D3-BF4B-00C04F79EFBC}") = "Contracts", "Contracts\Contracts.csproj", "{04591BD4-26C8-42C8-812F-5BE6ABDC5FB6}"
EndProject
Project("{FAE04EC0-301F-11D3-BF4B-00C04F79EFBC}") = "Repository", "Repository\Repository.csproj", "{E8C2D5AD-2111-4864-B9CD-3334BA04538D}"
EndProject
Global
	GlobalSection(SolutionConfigurationPlatforms) = preSolution
		Debug|Any CPU = Debug|Any CPU
		Release|Any CPU = Release|Any CPU
	EndGlobalSection
	GlobalSection(ProjectConfigurationPlatforms) = postSolution
		{8D98F57D-0035-49D7-9CEC-74F76D9D71B8}.Debug|Any CPU.ActiveCfg = Debug|Any CPU
		{8D98F57D-0035-49D7-9CEC-74F76D9D71B8}.Debug|Any CPU.Build.0 = Debug|Any CPU
		{8D98F57D-0035-49D7-9CEC-74F76D9D71B8}.Release|Any CPU.ActiveCfg = Release|Any CPU
		{8D98F57D-0035-49D7-9CEC-74F76D9D71B8}.Release|Any CPU.Build.0 = Release|Any CPU
		{D283359C-4567-4187-A982-C7D054E40C8B}.Debug|Any CPU.ActiveCfg = Debug|Any CPU
		{D283359C-4567-4187-A982-C7D054E40C8B}.Debug|Any CPU.Build.0 = Debug|Any CPU
		{D283359C-4567-4187-A982-C7D054E40C8B}.Release|Any CPU.ActiveCfg = Release|Any CPU
		{D283359C-4567-4187-A982-C7D054E40C8B}.Release|Any CPU.Build.0 = Release|Any CPU
		{04591BD4-26C8-42C8-812F-5BE6ABDC5FB6}.Debug|Any CPU.ActiveCfg = Debug|Any CPU
		{04591BD4-26C8-42C8-812F-5BE6ABDC5FB6}.Debug|Any CPU.Build.0 = Debug|Any CPU
		{04591BD4-26C8-42C8-812F-5BE6ABDC5FB6}.Release|Any CPU.ActiveCfg = Release|Any CPU
		{04591BD4-26C8-42C8-812F-5BE6ABDC5FB6}.Release|Any CPU.Build.0 = Release|Any CPU
		{E8C2D5AD-2111-4864-B9CD-3334BA04538D}.Debug|Any CPU.ActiveCfg = Debug|Any CPU
		{E8C2D5AD-2111-4864-B9CD-3334BA04538D}.Debug|Any CPU.Build.0 = Debug|Any CPU
		{E8C2D5AD-2111-4864-B9CD-3334BA04538D}.Release|Any CPU.ActiveCfg = Release|Any CPU
		{E8C2D5AD-2111-4864-B9CD-3334BA04538D}.Release|Any CPU.Build.0 = Release|Any CPU
	EndGlobalSection
	GlobalSection(SolutionProperties) = preSolution
		HideSolutionNode = FALSE
	EndGlobalSection
	GlobalSection(ExtensibilityGlobals) = postSolution
		SolutionGuid = {D7A7F63E-3763-40DA-8FB6-BD41A53856A0}
	EndGlobalSection
EndGlobal
